
Microsoft Visual Studio Solution File, Format Version 12.00
# Visual Studio Version 17
VisualStudioVersion = 17.1.32421.90
MinimumVisualStudioVersion = 10.0.40219.1
Project("{FAE04EC0-301F-11D3-BF4B-00C04F79EFBC}") = "ErrorHanding", "ErrorHanding\ErrorHanding.csproj", "{76A3B13A-D2C1-4318-8B56-9D770FBC4C4B}"
EndProject
Global
	GlobalSection(SolutionConfigurationPlatforms) = preSolution
		Debug|Any CPU = Debug|Any CPU
		Release|Any CPU = Release|Any CPU
	EndGlobalSection
	GlobalSection(ProjectConfigurationPlatforms) = postSolution
		{76A3B13A-D2C1-4318-8B56-9D770FBC4C4B}.Debug|Any CPU.ActiveCfg = Debug|Any CPU
		{76A3B13A-D2C1-4318-8B56-9D770FBC4C4B}.Debug|Any CPU.Build.0 = Debug|Any CPU
		{76A3B13A-D2C1-4318-8B56-9D770FBC4C4B}.Release|Any CPU.ActiveCfg = Release|Any CPU
		{76A3B13A-D2C1-4318-8B56-9D770FBC4C4B}.Release|Any CPU.Build.0 = Release|Any CPU
	EndGlobalSection
	GlobalSection(SolutionProperties) = preSolution
		HideSolutionNode = FALSE
	EndGlobalSection
	GlobalSection(ExtensibilityGlobals) = postSolution
		SolutionGuid = {A88F38C9-8646-40C5-AB3C-99865EB18CF5}
	EndGlobalSection
EndGlobal
